// !$*UTF8*$!
{
	archiveVersion = 1;
	classes = {
	};
	objectVersion = 46;
	objects = {

/* Begin PBXBuildFile section */
		9F8C02B71C560A6D00A6D474 /* main.m in Sources */ = {isa = PBXBuildFile; fileRef = 9F8C02B61C560A6D00A6D474 /* main.m */; };
		9F8C02BA1C560A6D00A6D474 /* AppDelegate.m in Sources */ = {isa = PBXBuildFile; fileRef = 9F8C02B91C560A6D00A6D474 /* AppDelegate.m */; };
		9F8C02C01C560A6D00A6D474 /* Main.storyboard in Resources */ = {isa = PBXBuildFile; fileRef = 9F8C02BE1C560A6D00A6D474 /* Main.storyboard */; };
		9F8C02C21C560A6D00A6D474 /* Assets.xcassets in Resources */ = {isa = PBXBuildFile; fileRef = 9F8C02C11C560A6D00A6D474 /* Assets.xcassets */; };
		9F8C02C51C560A6D00A6D474 /* LaunchScreen.storyboard in Resources */ = {isa = PBXBuildFile; fileRef = 9F8C02C31C560A6D00A6D474 /* LaunchScreen.storyboard */; };
		9F8C02D01C560A6D00A6D474 /* ImageScrollViewTests.m in Sources */ = {isa = PBXBuildFile; fileRef = 9F8C02CF1C560A6D00A6D474 /* ImageScrollViewTests.m */; };
		9F8C02DB1C560A6D00A6D474 /* ImageScrollViewUITests.m in Sources */ = {isa = PBXBuildFile; fileRef = 9F8C02DA1C560A6D00A6D474 /* ImageScrollViewUITests.m */; };
		9F8C02F01C560AC500A6D474 /* 1.png in Resources */ = {isa = PBXBuildFile; fileRef = 9F8C02E81C560AC500A6D474 /* 1.png */; };
		9F8C02F11C560AC500A6D474 /* 2.png in Resources */ = {isa = PBXBuildFile; fileRef = 9F8C02E91C560AC500A6D474 /* 2.png */; };
		9F8C02F21C560AC500A6D474 /* 3.png in Resources */ = {isa = PBXBuildFile; fileRef = 9F8C02EA1C560AC500A6D474 /* 3.png */; };
		9F8C02F31C560AC500A6D474 /* 4.png in Resources */ = {isa = PBXBuildFile; fileRef = 9F8C02EB1C560AC500A6D474 /* 4.png */; };
		9F8C02F41C560AC500A6D474 /* 5.png in Resources */ = {isa = PBXBuildFile; fileRef = 9F8C02EC1C560AC500A6D474 /* 5.png */; };
		9F8C02F51C560AC500A6D474 /* 6.png in Resources */ = {isa = PBXBuildFile; fileRef = 9F8C02ED1C560AC500A6D474 /* 6.png */; };
		9F8C02F61C560AC500A6D474 /* ViewController.m in Sources */ = {isa = PBXBuildFile; fileRef = 9F8C02EF1C560AC500A6D474 /* ViewController.m */; };
/* End PBXBuildFile section */

/* Begin PBXContainerItemProxy section */
		9F8C02CC1C560A6D00A6D474 /* PBXContainerItemProxy */ = {
			isa = PBXContainerItemProxy;
			containerPortal = 9F8C02AA1C560A6D00A6D474 /* Project object */;
			proxyType = 1;
			remoteGlobalIDString = 9F8C02B11C560A6D00A6D474;
			remoteInfo = ImageScrollView;
		};
		9F8C02D71C560A6D00A6D474 /* PBXContainerItemProxy */ = {
			isa = PBXContainerItemProxy;
			containerPortal = 9F8C02AA1C560A6D00A6D474 /* Project object */;
			proxyType = 1;
			remoteGlobalIDString = 9F8C02B11C560A6D00A6D474;
			remoteInfo = ImageScrollView;
		};
/* End PBXContainerItemProxy section */

/* Begin PBXFileReference section */
		9F8C02B21C560A6D00A6D474 /* ImageScrollView.app */ = {isa = PBXFileReference; explicitFileType = wrapper.application; includeInIndex = 0; path = ImageScrollView.app; sourceTree = BUILT_PRODUCTS_DIR; };
		9F8C02B61C560A6D00A6D474 /* main.m */ = {isa = PBXFileReference; lastKnownFileType = sourcecode.c.objc; path = main.m; sourceTree = "<group>"; };
		9F8C02B81C560A6D00A6D474 /* AppDelegate.h */ = {isa = PBXFileReference; lastKnownFileType = sourcecode.c.h; path = AppDelegate.h; sourceTree = "<group>"; };
		9F8C02B91C560A6D00A6D474 /* AppDelegate.m */ = {isa = PBXFileReference; lastKnownFileType = sourcecode.c.objc; path = AppDelegate.m; sourceTree = "<group>"; };
		9F8C02BF1C560A6D00A6D474 /* Base */ = {isa = PBXFileReference; lastKnownFileType = file.storyboard; name = Base; path = Base.lproj/Main.storyboard; sourceTree = "<group>"; };
		9F8C02C11C560A6D00A6D474 /* Assets.xcassets */ = {isa = PBXFileReference; lastKnownFileType = folder.assetcatalog; path = Assets.xcassets; sourceTree = "<group>"; };
		9F8C02C41C560A6D00A6D474 /* Base */ = {isa = PBXFileReference; lastKnownFileType = file.storyboard; name = Base; path = Base.lproj/LaunchScreen.storyboard; sourceTree = "<group>"; };
		9F8C02C61C560A6D00A6D474 /* Info.plist */ = {isa = PBXFileReference; lastKnownFileType = text.plist.xml; path = Info.plist; sourceTree = "<group>"; };
		9F8C02CB1C560A6D00A6D474 /* ImageScrollViewTests.xctest */ = {isa = PBXFileReference; explicitFileType = wrapper.cfbundle; includeInIndex = 0; path = ImageScrollViewTests.xctest; sourceTree = BUILT_PRODUCTS_DIR; };
		9F8C02CF1C560A6D00A6D474 /* ImageScrollViewTests.m */ = {isa = PBXFileReference; lastKnownFileType = sourcecode.c.objc; path = ImageScrollViewTests.m; sourceTree = "<group>"; };
		9F8C02D11C560A6D00A6D474 /* Info.plist */ = {isa = PBXFileReference; lastKnownFileType = text.plist.xml; path = Info.plist; sourceTree = "<group>"; };
		9F8C02D61C560A6D00A6D474 /* ImageScrollViewUITests.xctest */ = {isa = PBXFileReference; explicitFileType = wrapper.cfbundle; includeInIndex = 0; path = ImageScrollViewUITests.xctest; sourceTree = BUILT_PRODUCTS_DIR; };
		9F8C02DA1C560A6D00A6D474 /* ImageScrollViewUITests.m */ = {isa = PBXFileReference; lastKnownFileType = sourcecode.c.objc; path = ImageScrollViewUITests.m; sourceTree = "<group>"; };
		9F8C02DC1C560A6D00A6D474 /* Info.plist */ = {isa = PBXFileReference; lastKnownFileType = text.plist.xml; path = Info.plist; sourceTree = "<group>"; };
		9F8C02E81C560AC500A6D474 /* 1.png */ = {isa = PBXFileReference; lastKnownFileType = image.png; path = 1.png; sourceTree = "<group>"; };
		9F8C02E91C560AC500A6D474 /* 2.png */ = {isa = PBXFileReference; lastKnownFileType = image.png; path = 2.png; sourceTree = "<group>"; };
		9F8C02EA1C560AC500A6D474 /* 3.png */ = {isa = PBXFileReference; lastKnownFileType = image.png; path = 3.png; sourceTree = "<group>"; };
		9F8C02EB1C560AC500A6D474 /* 4.png */ = {isa = PBXFileReference; lastKnownFileType = image.png; path = 4.png; sourceTree = "<group>"; };
		9F8C02EC1C560AC500A6D474 /* 5.png */ = {isa = PBXFileReference; lastKnownFileType = image.png; path = 5.png; sourceTree = "<group>"; };
		9F8C02ED1C560AC500A6D474 /* 6.png */ = {isa = PBXFileReference; lastKnownFileType = image.png; path = 6.png; sourceTree = "<group>"; };
		9F8C02EE1C560AC500A6D474 /* ViewController.h */ = {isa = PBXFileReference; fileEncoding = 4; lastKnownFileType = sourcecode.c.h; path = ViewController.h; sourceTree = "<group>"; };
		9F8C02EF1C560AC500A6D474 /* ViewController.m */ = {isa = PBXFileReference; fileEncoding = 4; lastKnownFileType = sourcecode.c.objc; path = ViewController.m; sourceTree = "<group>"; };
/* End PBXFileReference section */

/* Begin PBXFrameworksBuildPhase section */
		9F8C02AF1C560A6D00A6D474 /* Frameworks */ = {
			isa = PBXFrameworksBuildPhase;
			buildActionMask = 2147483647;
			files = (
			);
			runOnlyForDeploymentPostprocessing = 0;
		};
		9F8C02C81C560A6D00A6D474 /* Frameworks */ = {
			isa = PBXFrameworksBuildPhase;
			buildActionMask = 2147483647;
			files = (
			);
			runOnlyForDeploymentPostprocessing = 0;
		};
		9F8C02D31C560A6D00A6D474 /* Frameworks */ = {
			isa = PBXFrameworksBuildPhase;
			buildActionMask = 2147483647;
			files = (
			);
			runOnlyForDeploymentPostprocessing = 0;
		};
/* End PBXFrameworksBuildPhase section */

/* Begin PBXGroup section */
		9F8C02A91C560A6D00A6D474 = {
			isa = PBXGroup;
			children = (
				9F8C02B41C560A6D00A6D474 /* ImageScrollView */,
				9F8C02CE1C560A6D00A6D474 /* ImageScrollViewTests */,
				9F8C02D91C560A6D00A6D474 /* ImageScrollViewUITests */,
				9F8C02B31C560A6D00A6D474 /* Products */,
			);
			sourceTree = "<group>";
		};
		9F8C02B31C560A6D00A6D474 /* Products */ = {
			isa = PBXGroup;
			children = (
				9F8C02B21C560A6D00A6D474 /* ImageScrollView.app */,
				9F8C02CB1C560A6D00A6D474 /* ImageScrollViewTests.xctest */,
				9F8C02D61C560A6D00A6D474 /* ImageScrollViewUITests.xctest */,
			);
			name = Products;
			sourceTree = "<group>";
		};
		9F8C02B41C560A6D00A6D474 /* ImageScrollView */ = {
			isa = PBXGroup;
			children = (
				9F8C02B81C560A6D00A6D474 /* AppDelegate.h */,
				9F8C02B91C560A6D00A6D474 /* AppDelegate.m */,
				9F8C02BE1C560A6D00A6D474 /* Main.storyboard */,
				9F8C02EE1C560AC500A6D474 /* ViewController.h */,
				9F8C02EF1C560AC500A6D474 /* ViewController.m */,
				9F8C02E81C560AC500A6D474 /* 1.png */,
				9F8C02E91C560AC500A6D474 /* 2.png */,
				9F8C02EA1C560AC500A6D474 /* 3.png */,
				9F8C02EB1C560AC500A6D474 /* 4.png */,
				9F8C02EC1C560AC500A6D474 /* 5.png */,
				9F8C02ED1C560AC500A6D474 /* 6.png */,
				9F8C02C11C560A6D00A6D474 /* Assets.xcassets */,
				9F8C02C31C560A6D00A6D474 /* LaunchScreen.storyboard */,
				9F8C02C61C560A6D00A6D474 /* Info.plist */,
				9F8C02B51C560A6D00A6D474 /* Supporting Files */,
			);
			path = ImageScrollView;
			sourceTree = "<group>";
		};
		9F8C02B51C560A6D00A6D474 /* Supporting Files */ = {
			isa = PBXGroup;
			children = (
				9F8C02B61C560A6D00A6D474 /* main.m */,
			);
			name = "Supporting Files";
			sourceTree = "<group>";
		};
		9F8C02CE1C560A6D00A6D474 /* ImageScrollViewTests */ = {
			isa = PBXGroup;
			children = (
				9F8C02CF1C560A6D00A6D474 /* ImageScrollViewTests.m */,
				9F8C02D11C560A6D00A6D474 /* Info.plist */,
			);
			path = ImageScrollViewTests;
			sourceTree = "<group>";
		};
		9F8C02D91C560A6D00A6D474 /* ImageScrollViewUITests */ = {
			isa = PBXGroup;
			children = (
				9F8C02DA1C560A6D00A6D474 /* ImageScrollViewUITests.m */,
				9F8C02DC1C560A6D00A6D474 /* Info.plist */,
			);
			path = ImageScrollViewUITests;
			sourceTree = "<group>";
		};
/* End PBXGroup section */

/* Begin PBXNativeTarget section */
		9F8C02B11C560A6D00A6D474 /* ImageScrollView */ = {
			isa = PBXNativeTarget;
			buildConfigurationList = 9F8C02DF1C560A6D00A6D474 /* Build configuration list for PBXNativeTarget "ImageScrollView" */;
			buildPhases = (
				9F8C02AE1C560A6D00A6D474 /* Sources */,
				9F8C02AF1C560A6D00A6D474 /* Frameworks */,
				9F8C02B01C560A6D00A6D474 /* Resources */,
			);
			buildRules = (
			);
			dependencies = (
			);
			name = ImageScrollView;
			productName = ImageScrollView;
			productReference = 9F8C02B21C560A6D00A6D474 /* ImageScrollView.app */;
			productType = "com.apple.product-type.application";
		};
		9F8C02CA1C560A6D00A6D474 /* ImageScrollViewTests */ = {
			isa = PBXNativeTarget;
			buildConfigurationList = 9F8C02E21C560A6D00A6D474 /* Build configuration list for PBXNativeTarget "ImageScrollViewTests" */;
			buildPhases = (
				9F8C02C71C560A6D00A6D474 /* Sources */,
				9F8C02C81C560A6D00A6D474 /* Frameworks */,
				9F8C02C91C560A6D00A6D474 /* Resources */,
			);
			buildRules = (
			);
			dependencies = (
				9F8C02CD1C560A6D00A6D474 /* PBXTargetDependency */,
			);
			name = ImageScrollViewTests;
			productName = ImageScrollViewTests;
			productReference = 9F8C02CB1C560A6D00A6D474 /* ImageScrollViewTests.xctest */;
			productType = "com.apple.product-type.bundle.unit-test";
		};
		9F8C02D51C560A6D00A6D474 /* ImageScrollViewUITests */ = {
			isa = PBXNativeTarget;
			buildConfigurationList = 9F8C02E51C560A6D00A6D474 /* Build configuration list for PBXNativeTarget "ImageScrollViewUITests" */;
			buildPhases = (
				9F8C02D21C560A6D00A6D474 /* Sources */,
				9F8C02D31C560A6D00A6D474 /* Frameworks */,
				9F8C02D41C560A6D00A6D474 /* Resources */,
			);
			buildRules = (
			);
			dependencies = (
				9F8C02D81C560A6D00A6D474 /* PBXTargetDependency */,
			);
			name = ImageScrollViewUITests;
			productName = ImageScrollViewUITests;
			productReference = 9F8C02D61C560A6D00A6D474 /* ImageScrollViewUITests.xctest */;
			productType = "com.apple.product-type.bundle.ui-testing";
		};
/* End PBXNativeTarget section */

/* Begin PBXProject section */
		9F8C02AA1C560A6D00A6D474 /* Project object */ = {
			isa = PBXProject;
			attributes = {
				LastUpgradeCheck = 0720;
				ORGANIZATIONNAME = PreviousWang;
				TargetAttributes = {
					9F8C02B11C560A6D00A6D474 = {
						CreatedOnToolsVersion = 7.2;
						DevelopmentTeam = AUC9TKGS45;
					};
					9F8C02CA1C560A6D00A6D474 = {
						CreatedOnToolsVersion = 7.2;
						DevelopmentTeam = AUC9TKGS45;
						TestTargetID = 9F8C02B11C560A6D00A6D474;
					};
					9F8C02D51C560A6D00A6D474 = {
						CreatedOnToolsVersion = 7.2;
						DevelopmentTeam = AUC9TKGS45;
						TestTargetID = 9F8C02B11C560A6D00A6D474;
					};
				};
			};
			buildConfigurationList = 9F8C02AD1C560A6D00A6D474 /* Build configuration list for PBXProject "ImageScrollView" */;
			compatibilityVersion = "Xcode 3.2";
			developmentRegion = English;
			hasScannedForEncodings = 0;
			knownRegions = (
				en,
				Base,
			);
			mainGroup = 9F8C02A91C560A6D00A6D474;
			productRefGroup = 9F8C02B31C560A6D00A6D474 /* Products */;
			projectDirPath = "";
			projectRoot = "";
			targets = (
				9F8C02B11C560A6D00A6D474 /* ImageScrollView */,
				9F8C02CA1C560A6D00A6D474 /* ImageScrollViewTests */,
				9F8C02D51C560A6D00A6D474 /* ImageScrollViewUITests */,
			);
		};
/* End PBXProject section */

/* Begin PBXResourcesBuildPhase section */
		9F8C02B01C560A6D00A6D474 /* Resources */ = {
			isa = PBXResourcesBuildPhase;
			buildActionMask = 2147483647;
			files = (
				9F8C02C51C560A6D00A6D474 /* LaunchScreen.storyboard in Resources */,
				9F8C02F31C560AC500A6D474 /* 4.png in Resources */,
				9F8C02F01C560AC500A6D474 /* 1.png in Resources */,
				9F8C02F51C560AC500A6D474 /* 6.png in Resources */,
				9F8C02F11C560AC500A6D474 /* 2.png in Resources */,
				9F8C02F21C560AC500A6D474 /* 3.png in Resources */,
				9F8C02F41C560AC500A6D474 /* 5.png in Resources */,
				9F8C02C21C560A6D00A6D474 /* Assets.xcassets in Resources */,
				9F8C02C01C560A6D00A6D474 /* Main.storyboard in Resources */,
			);
			runOnlyForDeploymentPostprocessing = 0;
		};
		9F8C02C91C560A6D00A6D474 /* Resources */ = {
			isa = PBXResourcesBuildPhase;
			buildActionMask = 2147483647;
			files = (
			);
			runOnlyForDeploymentPostprocessing = 0;
		};
		9F8C02D41C560A6D00A6D474 /* Resources */ = {
			isa = PBXResourcesBuildPhase;
			buildActionMask = 2147483647;
			files = (
			);
			runOnlyForDeploymentPostprocessing = 0;
		};
/* End PBXResourcesBuildPhase section */

/* Begin PBXSourcesBuildPhase section */
		9F8C02AE1C560A6D00A6D474 /* Sources */ = {
			isa = PBXSourcesBuildPhase;
			buildActionMask = 2147483647;
			files = (
				9F8C02F61C560AC500A6D474 /* ViewController.m in Sources */,
				9F8C02BA1C560A6D00A6D474 /* AppDelegate.m in Sources */,
				9F8C02B71C560A6D00A6D474 /* main.m in Sources */,
			);
			runOnlyForDeploymentPostprocessing = 0;
		};
		9F8C02C71C560A6D00A6D474 /* Sources */ = {
			isa = PBXSourcesBuildPhase;
			buildActionMask = 2147483647;
			files = (
				9F8C02D01C560A6D00A6D474 /* ImageScrollViewTests.m in Sources */,
			);
			runOnlyForDeploymentPostprocessing = 0;
		};
		9F8C02D21C560A6D00A6D474 /* Sources */ = {
			isa = PBXSourcesBuildPhase;
			buildActionMask = 2147483647;
			files = (
				9F8C02DB1C560A6D00A6D474 /* ImageScrollViewUITests.m in Sources */,
			);
			runOnlyForDeploymentPostprocessing = 0;
		};
/* End PBXSourcesBuildPhase section */

/* Begin PBXTargetDependency section */
		9F8C02CD1C560A6D00A6D474 /* PBXTargetDependency */ = {
			isa = PBXTargetDependency;
			target = 9F8C02B11C560A6D00A6D474 /* ImageScrollView */;
			targetProxy = 9F8C02CC1C560A6D00A6D474 /* PBXContainerItemProxy */;
		};
		9F8C02D81C560A6D00A6D474 /* PBXTargetDependency */ = {
			isa = PBXTargetDependency;
			target = 9F8C02B11C560A6D00A6D474 /* ImageScrollView */;
			targetProxy = 9F8C02D71C560A6D00A6D474 /* PBXContainerItemProxy */;
		};
/* End PBXTargetDependency section */

/* Begin PBXVariantGroup section */
		9F8C02BE1C560A6D00A6D474 /* Main.storyboard */ = {
			isa = PBXVariantGroup;
			children = (
				9F8C02BF1C560A6D00A6D474 /* Base */,
			);
			name = Main.storyboard;
			sourceTree = "<group>";
		};
		9F8C02C31C560A6D00A6D474 /* LaunchScreen.storyboard */ = {
			isa = PBXVariantGroup;
			children = (
				9F8C02C41C560A6D00A6D474 /* Base */,
			);
			name = LaunchScreen.storyboard;
			sourceTree = "<group>";
		};
/* End PBXVariantGroup section */

/* Begin XCBuildConfiguration section */
		9F8C02DD1C560A6D00A6D474 /* Debug */ = {
			isa = XCBuildConfiguration;
			buildSettings = {
				ALWAYS_SEARCH_USER_PATHS = NO;
				CLANG_CXX_LANGUAGE_STANDARD = "gnu++0x";
				CLANG_CXX_LIBRARY = "libc++";
				CLANG_ENABLE_MODULES = YES;
				CLANG_ENABLE_OBJC_ARC = YES;
				CLANG_WARN_BOOL_CONVERSION = YES;
				CLANG_WARN_CONSTANT_CONVERSION = YES;
				CLANG_WARN_DIRECT_OBJC_ISA_USAGE = YES_ERROR;
				CLANG_WARN_EMPTY_BODY = YES;
				CLANG_WARN_ENUM_CONVERSION = YES;
				CLANG_WARN_INT_CONVERSION = YES;
				CLANG_WARN_OBJC_ROOT_CLASS = YES_ERROR;
				CLANG_WARN_UNREACHABLE_CODE = YES;
				CLANG_WARN__DUPLICATE_METHOD_MATCH = YES;
				"CODE_SIGN_IDENTITY[sdk=iphoneos*]" = "iPhone Developer";
				COPY_PHASE_STRIP = NO;
				DEBUG_INFORMATION_FORMAT = dwarf;
				ENABLE_STRICT_OBJC_MSGSEND = YES;
				ENABLE_TESTABILITY = YES;
				GCC_C_LANGUAGE_STANDARD = gnu99;
				GCC_DYNAMIC_NO_PIC = NO;
				GCC_NO_COMMON_BLOCKS = YES;
				GCC_OPTIMIZATION_LEVEL = 0;
				GCC_PREPROCESSOR_DEFINITIONS = (
					"DEBUG=1",
					"$(inherited)",
				);
				GCC_WARN_64_TO_32_BIT_CONVERSION = YES;
				GCC_WARN_ABOUT_RETURN_TYPE = YES_ERROR;
				GCC_WARN_UNDECLARED_SELECTOR = YES;
				GCC_WARN_UNINITIALIZED_AUTOS = YES_AGGRESSIVE;
				GCC_WARN_UNUSED_FUNCTION = YES;
				GCC_WARN_UNUSED_VARIABLE = YES;
				IPHONEOS_DEPLOYMENT_TARGET = 9.2;
				MTL_ENABLE_DEBUG_INFO = YES;
				ONLY_ACTIVE_ARCH = YES;
				SDKROOT = iphoneos;
				TARGETED_DEVICE_FAMILY = "1,2";
			};
			name = Debug;
		};
		9F8C02DE1C560A6D00A6D474 /* Release */ = {
			isa = XCBuildConfiguration;
			buildSettings = {
				ALWAYS_SEARCH_USER_PATHS = NO;
				CLANG_CXX_LANGUAGE_STANDARD = "gnu++0x";
				CLANG_CXX_LIBRARY = "libc++";
				CLANG_ENABLE_MODULES = YES;
				CLANG_ENABLE_OBJC_ARC = YES;
				CLANG_WARN_BOOL_CONVERSION = YES;
				CLANG_WARN_CONSTANT_CONVERSION = YES;
				CLANG_WARN_DIRECT_OBJC_ISA_USAGE = YES_ERROR;
				CLANG_WARN_EMPTY_BODY = YES;
				CLANG_WARN_ENUM_CONVERSION = YES;
				CLANG_WARN_INT_CONVERSION = YES;
				CLANG_WARN_OBJC_ROOT_CLASS = YES_ERROR;
				CLANG_WARN_UNREACHABLE_CODE = YES;
				CLANG_WARN__DUPLICATE_METHOD_MATCH = YES;
				"CODE_SIGN_IDENTITY[sdk=iphoneos*]" = "iPhone Developer";
				COPY_PHASE_STRIP = NO;
				DEBUG_INFORMATION_FORMAT = "dwarf-with-dsym";
				ENABLE_NS_ASSERTIONS = NO;
				ENABLE_STRICT_OBJC_MSGSEND = YES;
				GCC_C_LANGUAGE_STANDARD = gnu99;
				GCC_NO_COMMON_BLOCKS = YES;
				GCC_WARN_64_TO_32_BIT_CONVERSION = YES;
				GCC_WARN_ABOUT_RETURN_TYPE = YES_ERROR;
				GCC_WARN_UNDECLARED_SELECTOR = YES;
				GCC_WARN_UNINITIALIZED_AUTOS = YES_AGGRESSIVE;
				GCC_WARN_UNUSED_FUNCTION = YES;
				GCC_WARN_UNUSED_VARIABLE = YES;
				IPHONEOS_DEPLOYMENT_TARGET = 9.2;
				MTL_ENABLE_DEBUG_INFO = NO;
				SDKROOT = iphoneos;
				TARGETED_DEVICE_FAMILY = "1,2";
				VALIDATE_PRODUCT = YES;
			};
			name = Release;
		};
		9F8C02E01C560A6D00A6D474 /* Debug */ = {
			isa = XCBuildConfiguration;
			buildSettings = {
				ASSETCATALOG_COMPILER_APPICON_NAME = AppIcon;
				INFOPLIST_FILE = ImageScrollView/Info.plist;
				LD_RUNPATH_SEARCH_PATHS = "$(inherited) @executable_path/Frameworks";
				PRODUCT_BUNDLE_IDENTIFIER = ZuiYue.com.ImageScrollView;
				PRODUCT_NAME = "$(TARGET_NAME)";
			};
			name = Debug;
		};
		9F8C02E11C560A6D00A6D474 /* Release */ = {
			isa = XCBuildConfiguration;
			buildSettings = {
				ASSETCATALOG_COMPILER_APPICON_NAME = AppIcon;
				INFOPLIST_FILE = ImageScrollView/Info.plist;
				LD_RUNPATH_SEARCH_PATHS = "$(inherited) @executable_path/Frameworks";
				PRODUCT_BUNDLE_IDENTIFIER = ZuiYue.com.ImageScrollView;
				PRODUCT_NAME = "$(TARGET_NAME)";
			};
			name = Release;
		};
		9F8C02E31C560A6D00A6D474 /* Debug */ = {
			isa = XCBuildConfiguration;
			buildSettings = {
				BUNDLE_LOADER = "$(TEST_HOST)";
				INFOPLIST_FILE = ImageScrollViewTests/Info.plist;
				LD_RUNPATH_SEARCH_PATHS = "$(inherited) @executable_path/Frameworks @loader_path/Frameworks";
				PRODUCT_BUNDLE_IDENTIFIER = ZuiYue.com.ImageScrollViewTests;
				PRODUCT_NAME = "$(TARGET_NAME)";
				TEST_HOST = "$(BUILT_PRODUCTS_DIR)/ImageScrollView.app/ImageScrollView";
			};
			name = Debug;
		};
		9F8C02E41C560A6D00A6D474 /* Release */ = {
			isa = XCBuildConfiguration;
			buildSettings = {
				BUNDLE_LOADER = "$(TEST_HOST)";
				INFOPLIST_FILE = ImageScrollViewTests/Info.plist;
				LD_RUNPATH_SEARCH_PATHS = "$(inherited) @executable_path/Frameworks @loader_path/Frameworks";
				PRODUCT_BUNDLE_IDENTIFIER = ZuiYue.com.ImageScrollViewTests;
				PRODUCT_NAME = "$(TARGET_NAME)";
				TEST_HOST = "$(BUILT_PRODUCTS_DIR)/ImageScrollView.app/ImageScrollView";
			};
			name = Release;
		};
		9F8C02E61C560A6D00A6D474 /* Debug */ = {
			isa = XCBuildConfiguration;
			buildSettings = {
				INFOPLIST_FILE = ImageScrollViewUITests/Info.plist;
				LD_RUNPATH_SEARCH_PATHS = "$(inherited) @executable_path/Frameworks @loader_path/Frameworks";
				PRODUCT_BUNDLE_IDENTIFIER = ZuiYue.com.ImageScrollViewUITests;
				PRODUCT_NAME = "$(TARGET_NAME)";
				TEST_TARGET_NAME = ImageScrollView;
				USES_XCTRUNNER = YES;
			};
			name = Debug;
		};
		9F8C02E71C560A6D00A6D474 /* Release */ = {
			isa = XCBuildConfiguration;
			buildSettings = {
				INFOPLIST_FILE = ImageScrollViewUITests/Info.plist;
				LD_RUNPATH_SEARCH_PATHS = "$(inherited) @executable_path/Frameworks @loader_path/Frameworks";
				PRODUCT_BUNDLE_IDENTIFIER = ZuiYue.com.ImageScrollViewUITests;
				PRODUCT_NAME = "$(TARGET_NAME)";
				TEST_TARGET_NAME = ImageScrollView;
				USES_XCTRUNNER = YES;
			};
			name = Release;
		};
/* End XCBuildConfiguration section */

/* Begin XCConfigurationList section */
		9F8C02AD1C560A6D00A6D474 /* Build configuration list for PBXProject "ImageScrollView" */ = {
			isa = XCConfigurationList;
			buildConfigurations = (
				9F8C02DD1C560A6D00A6D474 /* Debug */,
				9F8C02DE1C560A6D00A6D474 /* Release */,
			);
			defaultConfigurationIsVisible = 0;
			defaultConfigurationName = Release;
		};
		9F8C02DF1C560A6D00A6D474 /* Build configuration list for PBXNativeTarget "ImageScrollView" */ = {
			isa = XCConfigurationList;
			buildConfigurations = (
				9F8C02E01C560A6D00A6D474 /* Debug */,
				9F8C02E11C560A6D00A6D474 /* Release */,
			);
			defaultConfigurationIsVisible = 0;
		};
		9F8C02E21C560A6D00A6D474 /* Build configuration list for PBXNativeTarget "ImageScrollViewTests" */ = {
			isa = XCConfigurationList;
			buildConfigurations = (
				9F8C02E31C560A6D00A6D474 /* Debug */,
				9F8C02E41C560A6D00A6D474 /* Release */,
			);
			defaultConfigurationIsVisible = 0;
		};
		9F8C02E51C560A6D00A6D474 /* Build configuration list for PBXNativeTarget "ImageScrollViewUITests" */ = {
			isa = XCConfigurationList;
			buildConfigurations = (
				9F8C02E61C560A6D00A6D474 /* Debug */,
				9F8C02E71C560A6D00A6D474 /* Release */,
			);
			defaultConfigurationIsVisible = 0;
		};
/* End XCConfigurationList section */
	};
	rootObject = 9F8C02AA1C560A6D00A6D474 /* Project object */;
}
